
Microsoft Visual Studio Solution File, Format Version 12.00
# Visual Studio Version 17
VisualStudioVersion = 17.2.32602.215
MinimumVisualStudioVersion = 10.0.40219.1
Project("{9A19103F-16F7-4668-BE54-9A1E7A4F7556}") = "ShortURL-DesktopClient", "ShortURL-DesktopClient.csproj", "{B67829F4-B23D-40AB-B5C9-4B29BDB45715}"
EndProject
Global
	GlobalSection(SolutionConfigurationPlatforms) = preSolution
		Debug|Any CPU = Debug|Any CPU
		Release|Any CPU = Release|Any CPU
	EndGlobalSection
	GlobalSection(ProjectConfigurationPlatforms) = postSolution
		{B67829F4-B23D-40AB-B5C9-4B29BDB45715}.Debug|Any CPU.ActiveCfg = Debug|Any CPU
		{B67829F4-B23D-40AB-B5C9-4B29BDB45715}.Debug|Any CPU.Build.0 = Debug|Any CPU
		{B67829F4-B23D-40AB-B5C9-4B29BDB45715}.Release|Any CPU.ActiveCfg = Release|Any CPU
		{B67829F4-B23D-40AB-B5C9-4B29BDB45715}.Release|Any CPU.Build.0 = Release|Any CPU
	EndGlobalSection
	GlobalSection(SolutionProperties) = preSolution
		HideSolutionNode = FALSE
	EndGlobalSection
	GlobalSection(ExtensibilityGlobals) = postSolution
		SolutionGuid = {D5B4E47A-3386-4E83-BD78-4A7BC7CC78CE}
	EndGlobalSection
EndGlobal
